
Microsoft Visual Studio Solution File, Format Version 12.00
# Visual Studio Version 17
VisualStudioVersion = 17.3.32825.248
MinimumVisualStudioVersion = 10.0.40219.1
Project("{FAE04EC0-301F-11D3-BF4B-00C04F79EFBC}") = "lab 3", "lab 3\lab 3.csproj", "{83BA4A76-6426-45C8-9B03-2A249FD7B19D}"
EndProject
Global
	GlobalSection(SolutionConfigurationPlatforms) = preSolution
		Debug|Any CPU = Debug|Any CPU
		Release|Any CPU = Release|Any CPU
	EndGlobalSection
	GlobalSection(ProjectConfigurationPlatforms) = postSolution
		{83BA4A76-6426-45C8-9B03-2A249FD7B19D}.Debug|Any CPU.ActiveCfg = Debug|Any CPU
		{83BA4A76-6426-45C8-9B03-2A249FD7B19D}.Debug|Any CPU.Build.0 = Debug|Any CPU
		{83BA4A76-6426-45C8-9B03-2A249FD7B19D}.Release|Any CPU.ActiveCfg = Release|Any CPU
		{83BA4A76-6426-45C8-9B03-2A249FD7B19D}.Release|Any CPU.Build.0 = Release|Any CPU
	EndGlobalSection
	GlobalSection(SolutionProperties) = preSolution
		HideSolutionNode = FALSE
	EndGlobalSection
	GlobalSection(ExtensibilityGlobals) = postSolution
		SolutionGuid = {56935F36-C13D-49B6-A508-794B3291459D}
	EndGlobalSection
EndGlobal
